
Microsoft Visual Studio Solution File, Format Version 12.00
# Visual Studio 2012
Project("{FAE04EC0-301F-11D3-BF4B-00C04F79EFBC}") = "iPlay", "iPlay.csproj", "{4D74D423-A88B-43E3-887F-35346C08E90C}"
EndProject
Global
	GlobalSection(SolutionConfigurationPlatforms) = preSolution
		Debug|Any CPU = Debug|Any CPU
		Release|Any CPU = Release|Any CPU
	EndGlobalSection
	GlobalSection(ProjectConfigurationPlatforms) = postSolution
		{4D74D423-A88B-43E3-887F-35346C08E90C}.Debug|Any CPU.ActiveCfg = Debug|Any CPU
		{4D74D423-A88B-43E3-887F-35346C08E90C}.Debug|Any CPU.Build.0 = Debug|Any CPU
		{4D74D423-A88B-43E3-887F-35346C08E90C}.Release|Any CPU.ActiveCfg = Release|Any CPU
		{4D74D423-A88B-43E3-887F-35346C08E90C}.Release|Any CPU.Build.0 = Release|Any CPU
	EndGlobalSection
	GlobalSection(SolutionProperties) = preSolution
		HideSolutionNode = FALSE
	EndGlobalSection
EndGlobal
